
Microsoft Visual Studio Solution File, Format Version 12.00
# Visual Studio Version 17
VisualStudioVersion = 17.2.32526.322
MinimumVisualStudioVersion = 10.0.40219.1
Project("{FAE04EC0-301F-11D3-BF4B-00C04F79EFBC}") = "CreadorDePlanos", "CreadorDePlanos\CreadorDePlanos.csproj", "{C5EB6DF4-CA52-4C74-9414-1FBEB7186B04}"
EndProject
Global
	GlobalSection(SolutionConfigurationPlatforms) = preSolution
		Debug|Any CPU = Debug|Any CPU
		Release|Any CPU = Release|Any CPU
	EndGlobalSection
	GlobalSection(ProjectConfigurationPlatforms) = postSolution
		{C5EB6DF4-CA52-4C74-9414-1FBEB7186B04}.Debug|Any CPU.ActiveCfg = Debug|Any CPU
		{C5EB6DF4-CA52-4C74-9414-1FBEB7186B04}.Debug|Any CPU.Build.0 = Debug|Any CPU
		{C5EB6DF4-CA52-4C74-9414-1FBEB7186B04}.Release|Any CPU.ActiveCfg = Release|Any CPU
		{C5EB6DF4-CA52-4C74-9414-1FBEB7186B04}.Release|Any CPU.Build.0 = Release|Any CPU
	EndGlobalSection
	GlobalSection(SolutionProperties) = preSolution
		HideSolutionNode = FALSE
	EndGlobalSection
	GlobalSection(ExtensibilityGlobals) = postSolution
		SolutionGuid = {BC0A057C-30ED-4257-B47C-E1B68D55BF1D}
	EndGlobalSection
EndGlobal
