
Microsoft Visual Studio Solution File, Format Version 12.00
# Visual Studio Version 16
VisualStudioVersion = 16.0.28803.452
MinimumVisualStudioVersion = 10.0.40219.1
Project("{FAE04EC0-301F-11D3-BF4B-00C04F79EFBC}") = "Diccionarios", "Diccionarios\Diccionarios.csproj", "{4FFF1E74-C6BB-4135-A9C6-449B1FC55768}"
EndProject
Global
	GlobalSection(SolutionConfigurationPlatforms) = preSolution
		Debug|Any CPU = Debug|Any CPU
		Release|Any CPU = Release|Any CPU
	EndGlobalSection
	GlobalSection(ProjectConfigurationPlatforms) = postSolution
		{4FFF1E74-C6BB-4135-A9C6-449B1FC55768}.Debug|Any CPU.ActiveCfg = Debug|Any CPU
		{4FFF1E74-C6BB-4135-A9C6-449B1FC55768}.Debug|Any CPU.Build.0 = Debug|Any CPU
		{4FFF1E74-C6BB-4135-A9C6-449B1FC55768}.Release|Any CPU.ActiveCfg = Release|Any CPU
		{4FFF1E74-C6BB-4135-A9C6-449B1FC55768}.Release|Any CPU.Build.0 = Release|Any CPU
	EndGlobalSection
	GlobalSection(SolutionProperties) = preSolution
		HideSolutionNode = FALSE
	EndGlobalSection
	GlobalSection(ExtensibilityGlobals) = postSolution
		SolutionGuid = {F6631844-A186-4309-A7E9-25AAEDD11C40}
	EndGlobalSection
EndGlobal
