
Microsoft Visual Studio Solution File, Format Version 12.00
# Visual Studio Version 16
VisualStudioVersion = 16.0.28803.352
MinimumVisualStudioVersion = 10.0.40219.1
Project("{FAE04EC0-301F-11D3-BF4B-00C04F79EFBC}") = "01-OperacionesNumericas", "01-OperacionesNumericas\01-OperacionesNumericas.csproj", "{F864BEB1-6314-4396-9FEF-538B98E92D4B}"
EndProject
Global
	GlobalSection(SolutionConfigurationPlatforms) = preSolution
		Debug|Any CPU = Debug|Any CPU
		Release|Any CPU = Release|Any CPU
	EndGlobalSection
	GlobalSection(ProjectConfigurationPlatforms) = postSolution
		{F864BEB1-6314-4396-9FEF-538B98E92D4B}.Debug|Any CPU.ActiveCfg = Debug|Any CPU
		{F864BEB1-6314-4396-9FEF-538B98E92D4B}.Debug|Any CPU.Build.0 = Debug|Any CPU
		{F864BEB1-6314-4396-9FEF-538B98E92D4B}.Release|Any CPU.ActiveCfg = Release|Any CPU
		{F864BEB1-6314-4396-9FEF-538B98E92D4B}.Release|Any CPU.Build.0 = Release|Any CPU
	EndGlobalSection
	GlobalSection(SolutionProperties) = preSolution
		HideSolutionNode = FALSE
	EndGlobalSection
	GlobalSection(ExtensibilityGlobals) = postSolution
		SolutionGuid = {4D508B12-29B4-4CDB-AD42-2CCB0AC4CDD0}
	EndGlobalSection
EndGlobal
