
Microsoft Visual Studio Solution File, Format Version 12.00
# Visual Studio Version 16
VisualStudioVersion = 16.0.28803.352
MinimumVisualStudioVersion = 10.0.40219.1
Project("{FAE04EC0-301F-11D3-BF4B-00C04F79EFBC}") = "HolaMundo", "HolaMundo\HolaMundo.csproj", "{C043A540-57A8-4754-B747-70EC637F2DAC}"
EndProject
Global
	GlobalSection(SolutionConfigurationPlatforms) = preSolution
		Debug|Any CPU = Debug|Any CPU
		Release|Any CPU = Release|Any CPU
	EndGlobalSection
	GlobalSection(ProjectConfigurationPlatforms) = postSolution
		{C043A540-57A8-4754-B747-70EC637F2DAC}.Debug|Any CPU.ActiveCfg = Debug|Any CPU
		{C043A540-57A8-4754-B747-70EC637F2DAC}.Debug|Any CPU.Build.0 = Debug|Any CPU
		{C043A540-57A8-4754-B747-70EC637F2DAC}.Release|Any CPU.ActiveCfg = Release|Any CPU
		{C043A540-57A8-4754-B747-70EC637F2DAC}.Release|Any CPU.Build.0 = Release|Any CPU
	EndGlobalSection
	GlobalSection(SolutionProperties) = preSolution
		HideSolutionNode = FALSE
	EndGlobalSection
	GlobalSection(ExtensibilityGlobals) = postSolution
		SolutionGuid = {8BD4B1B7-1244-4CFF-AA79-8DD26025E9E2}
	EndGlobalSection
EndGlobal
