
Microsoft Visual Studio Solution File, Format Version 12.00
# Visual Studio Version 17
VisualStudioVersion = 17.2.32526.322
MinimumVisualStudioVersion = 10.0.40219.1
Project("{FAE04EC0-301F-11D3-BF4B-00C04F79EFBC}") = "FiltroPorInterseccionConBoundingBox", "FiltroPorInterseccionConBoundingBox\FiltroPorInterseccionConBoundingBox.csproj", "{0B0AFEC3-6F46-4FA0-8309-AB24C5B6763B}"
EndProject
Global
	GlobalSection(SolutionConfigurationPlatforms) = preSolution
		Debug|Any CPU = Debug|Any CPU
		Release|Any CPU = Release|Any CPU
	EndGlobalSection
	GlobalSection(ProjectConfigurationPlatforms) = postSolution
		{0B0AFEC3-6F46-4FA0-8309-AB24C5B6763B}.Debug|Any CPU.ActiveCfg = Debug|Any CPU
		{0B0AFEC3-6F46-4FA0-8309-AB24C5B6763B}.Debug|Any CPU.Build.0 = Debug|Any CPU
		{0B0AFEC3-6F46-4FA0-8309-AB24C5B6763B}.Release|Any CPU.ActiveCfg = Release|Any CPU
		{0B0AFEC3-6F46-4FA0-8309-AB24C5B6763B}.Release|Any CPU.Build.0 = Release|Any CPU
	EndGlobalSection
	GlobalSection(SolutionProperties) = preSolution
		HideSolutionNode = FALSE
	EndGlobalSection
	GlobalSection(ExtensibilityGlobals) = postSolution
		SolutionGuid = {7439333F-AF33-475F-9A1A-9AC57D74457C}
	EndGlobalSection
EndGlobal
