
Microsoft Visual Studio Solution File, Format Version 12.00
# Visual Studio Version 16
VisualStudioVersion = 16.0.28803.452
MinimumVisualStudioVersion = 10.0.40219.1
Project("{FAE04EC0-301F-11D3-BF4B-00C04F79EFBC}") = "Foreach", "Foreach.csproj", "{913A7601-05D5-4171-B0FA-EA412E53771C}"
EndProject
Global
	GlobalSection(SolutionConfigurationPlatforms) = preSolution
		Debug|Any CPU = Debug|Any CPU
		Release|Any CPU = Release|Any CPU
	EndGlobalSection
	GlobalSection(ProjectConfigurationPlatforms) = postSolution
		{913A7601-05D5-4171-B0FA-EA412E53771C}.Debug|Any CPU.ActiveCfg = Debug|Any CPU
		{913A7601-05D5-4171-B0FA-EA412E53771C}.Debug|Any CPU.Build.0 = Debug|Any CPU
		{913A7601-05D5-4171-B0FA-EA412E53771C}.Release|Any CPU.ActiveCfg = Release|Any CPU
		{913A7601-05D5-4171-B0FA-EA412E53771C}.Release|Any CPU.Build.0 = Release|Any CPU
	EndGlobalSection
	GlobalSection(SolutionProperties) = preSolution
		HideSolutionNode = FALSE
	EndGlobalSection
	GlobalSection(ExtensibilityGlobals) = postSolution
		SolutionGuid = {4FDBF954-E49B-479A-85B6-A3D2088E8BB0}
	EndGlobalSection
EndGlobal
